// !$*UTF8*$!
{
	archiveVersion = 1;
	classes = {
	};
	objectVersion = 46;
	objects = {

/* Begin PBXBuildFile section */
		D85E0C0019BA655C00311DE8 /* main.m in Sources */ = {isa = PBXBuildFile; fileRef = D85E0BFF19BA655C00311DE8 /* main.m */; };
		D85E0C0319BA655C00311DE8 /* AppDelegate.m in Sources */ = {isa = PBXBuildFile; fileRef = D85E0C0219BA655C00311DE8 /* AppDelegate.m */; };
		D85E0C0619BA655C00311DE8 /* ViewController.m in Sources */ = {isa = PBXBuildFile; fileRef = D85E0C0519BA655C00311DE8 /* ViewController.m */; };
		D85E0C0919BA655C00311DE8 /* Main.storyboard in Resources */ = {isa = PBXBuildFile; fileRef = D85E0C0719BA655C00311DE8 /* Main.storyboard */; };
		D85E0C0B19BA655C00311DE8 /* Images.xcassets in Resources */ = {isa = PBXBuildFile; fileRef = D85E0C0A19BA655C00311DE8 /* Images.xcassets */; };
		D85E0C1719BA655C00311DE8 /* TapChanceTests.m in Sources */ = {isa = PBXBuildFile; fileRef = D85E0C1619BA655C00311DE8 /* TapChanceTests.m */; };
/* End PBXBuildFile section */

/* Begin PBXContainerItemProxy section */
		D85E0C1119BA655C00311DE8 /* PBXContainerItemProxy */ = {
			isa = PBXContainerItemProxy;
			containerPortal = D85E0BF219BA655C00311DE8 /* Project object */;
			proxyType = 1;
			remoteGlobalIDString = D85E0BF919BA655C00311DE8;
			remoteInfo = ChanceTab;
		};
/* End PBXContainerItemProxy section */

/* Begin PBXFileReference section */
		D85E0BFA19BA655C00311DE8 /* TapChance.app */ = {isa = PBXFileReference; explicitFileType = wrapper.application; includeInIndex = 0; path = TapChance.app; sourceTree = BUILT_PRODUCTS_DIR; };
		D85E0BFE19BA655C00311DE8 /* Info.plist */ = {isa = PBXFileReference; lastKnownFileType = text.plist.xml; path = Info.plist; sourceTree = "<group>"; };
		D85E0BFF19BA655C00311DE8 /* main.m */ = {isa = PBXFileReference; lastKnownFileType = sourcecode.c.objc; path = main.m; sourceTree = "<group>"; };
		D85E0C0119BA655C00311DE8 /* AppDelegate.h */ = {isa = PBXFileReference; lastKnownFileType = sourcecode.c.h; path = AppDelegate.h; sourceTree = "<group>"; };
		D85E0C0219BA655C00311DE8 /* AppDelegate.m */ = {isa = PBXFileReference; lastKnownFileType = sourcecode.c.objc; path = AppDelegate.m; sourceTree = "<group>"; };
		D85E0C0419BA655C00311DE8 /* ViewController.h */ = {isa = PBXFileReference; lastKnownFileType = sourcecode.c.h; path = ViewController.h; sourceTree = "<group>"; };
		D85E0C0519BA655C00311DE8 /* ViewController.m */ = {isa = PBXFileReference; lastKnownFileType = sourcecode.c.objc; path = ViewController.m; sourceTree = "<group>"; };
		D85E0C0819BA655C00311DE8 /* Base */ = {isa = PBXFileReference; lastKnownFileType = file.storyboard; name = Base; path = Base.lproj/Main.storyboard; sourceTree = "<group>"; };
		D85E0C0A19BA655C00311DE8 /* Images.xcassets */ = {isa = PBXFileReference; lastKnownFileType = folder.assetcatalog; path = Images.xcassets; sourceTree = "<group>"; };
		D85E0C1019BA655C00311DE8 /* TapChanceTests.xctest */ = {isa = PBXFileReference; explicitFileType = wrapper.cfbundle; includeInIndex = 0; path = TapChanceTests.xctest; sourceTree = BUILT_PRODUCTS_DIR; };
		D85E0C1519BA655C00311DE8 /* Info.plist */ = {isa = PBXFileReference; lastKnownFileType = text.plist.xml; path = Info.plist; sourceTree = "<group>"; };
		D85E0C1619BA655C00311DE8 /* TapChanceTests.m */ = {isa = PBXFileReference; lastKnownFileType = sourcecode.c.objc; path = TapChanceTests.m; sourceTree = "<group>"; };
/* End PBXFileReference section */

/* Begin PBXFrameworksBuildPhase section */
		D85E0BF719BA655C00311DE8 /* Frameworks */ = {
			isa = PBXFrameworksBuildPhase;
			buildActionMask = 2147483647;
			files = (
			);
			runOnlyForDeploymentPostprocessing = 0;
		};
		D85E0C0D19BA655C00311DE8 /* Frameworks */ = {
			isa = PBXFrameworksBuildPhase;
			buildActionMask = 2147483647;
			files = (
			);
			runOnlyForDeploymentPostprocessing = 0;
		};
/* End PBXFrameworksBuildPhase section */

/* Begin PBXGroup section */
		D85E0BF119BA655C00311DE8 = {
			isa = PBXGroup;
			children = (
				D85E0BFC19BA655C00311DE8 /* TapChance */,
				D85E0C1319BA655C00311DE8 /* TapChanceTests */,
				D85E0BFB19BA655C00311DE8 /* Products */,
			);
			sourceTree = "<group>";
		};
		D85E0BFB19BA655C00311DE8 /* Products */ = {
			isa = PBXGroup;
			children = (
				D85E0BFA19BA655C00311DE8 /* TapChance.app */,
				D85E0C1019BA655C00311DE8 /* TapChanceTests.xctest */,
			);
			name = Products;
			sourceTree = "<group>";
		};
		D85E0BFC19BA655C00311DE8 /* TapChance */ = {
			isa = PBXGroup;
			children = (
				D85E0C0119BA655C00311DE8 /* AppDelegate.h */,
				D85E0C0219BA655C00311DE8 /* AppDelegate.m */,
				D85E0C0419BA655C00311DE8 /* ViewController.h */,
				D85E0C0519BA655C00311DE8 /* ViewController.m */,
				D85E0C0719BA655C00311DE8 /* Main.storyboard */,
				D85E0C0A19BA655C00311DE8 /* Images.xcassets */,
				D85E0BFD19BA655C00311DE8 /* Supporting Files */,
			);
			name = TapChance;
			path = ChanceTab;
			sourceTree = "<group>";
		};
		D85E0BFD19BA655C00311DE8 /* Supporting Files */ = {
			isa = PBXGroup;
			children = (
				D85E0BFE19BA655C00311DE8 /* Info.plist */,
				D85E0BFF19BA655C00311DE8 /* main.m */,
			);
			name = "Supporting Files";
			sourceTree = "<group>";
		};
		D85E0C1319BA655C00311DE8 /* TapChanceTests */ = {
			isa = PBXGroup;
			children = (
				D85E0C1619BA655C00311DE8 /* TapChanceTests.m */,
				D85E0C1419BA655C00311DE8 /* Supporting Files */,
			);
			name = TapChanceTests;
			path = ChanceTabTests;
			sourceTree = "<group>";
		};
		D85E0C1419BA655C00311DE8 /* Supporting Files */ = {
			isa = PBXGroup;
			children = (
				D85E0C1519BA655C00311DE8 /* Info.plist */,
			);
			name = "Supporting Files";
			sourceTree = "<group>";
		};
/* End PBXGroup section */

/* Begin PBXNativeTarget section */
		D85E0BF919BA655C00311DE8 /* TapChance */ = {
			isa = PBXNativeTarget;
			buildConfigurationList = D85E0C1A19BA655C00311DE8 /* Build configuration list for PBXNativeTarget "TapChance" */;
			buildPhases = (
				D85E0BF619BA655C00311DE8 /* Sources */,
				D85E0BF719BA655C00311DE8 /* Frameworks */,
				D85E0BF819BA655C00311DE8 /* Resources */,
			);
			buildRules = (
			);
			dependencies = (
			);
			name = TapChance;
			productName = ChanceTab;
			productReference = D85E0BFA19BA655C00311DE8 /* TapChance.app */;
			productType = "com.apple.product-type.application";
		};
		D85E0C0F19BA655C00311DE8 /* TapChanceTests */ = {
			isa = PBXNativeTarget;
			buildConfigurationList = D85E0C1D19BA655C00311DE8 /* Build configuration list for PBXNativeTarget "TapChanceTests" */;
			buildPhases = (
				D85E0C0C19BA655C00311DE8 /* Sources */,
				D85E0C0D19BA655C00311DE8 /* Frameworks */,
				D85E0C0E19BA655C00311DE8 /* Resources */,
			);
			buildRules = (
			);
			dependencies = (
				D85E0C1219BA655C00311DE8 /* PBXTargetDependency */,
			);
			name = TapChanceTests;
			productName = ChanceTabTests;
			productReference = D85E0C1019BA655C00311DE8 /* TapChanceTests.xctest */;
			productType = "com.apple.product-type.bundle.unit-test";
		};
/* End PBXNativeTarget section */

/* Begin PBXProject section */
		D85E0BF219BA655C00311DE8 /* Project object */ = {
			isa = PBXProject;
			attributes = {
				LastUpgradeCheck = 0600;
				ORGANIZATIONNAME = "Joe Sturzenegger";
				TargetAttributes = {
					D85E0BF919BA655C00311DE8 = {
						CreatedOnToolsVersion = 6.0;
					};
					D85E0C0F19BA655C00311DE8 = {
						CreatedOnToolsVersion = 6.0;
						TestTargetID = D85E0BF919BA655C00311DE8;
					};
				};
			};
			buildConfigurationList = D85E0BF519BA655C00311DE8 /* Build configuration list for PBXProject "TapChance" */;
			compatibilityVersion = "Xcode 3.2";
			developmentRegion = English;
			hasScannedForEncodings = 0;
			knownRegions = (
				en,
				Base,
			);
			mainGroup = D85E0BF119BA655C00311DE8;
			productRefGroup = D85E0BFB19BA655C00311DE8 /* Products */;
			projectDirPath = "";
			projectRoot = "";
			targets = (
				D85E0BF919BA655C00311DE8 /* TapChance */,
				D85E0C0F19BA655C00311DE8 /* TapChanceTests */,
			);
		};
/* End PBXProject section */

/* Begin PBXResourcesBuildPhase section */
		D85E0BF819BA655C00311DE8 /* Resources */ = {
			isa = PBXResourcesBuildPhase;
			buildActionMask = 2147483647;
			files = (
				D85E0C0919BA655C00311DE8 /* Main.storyboard in Resources */,
				D85E0C0B19BA655C00311DE8 /* Images.xcassets in Resources */,
			);
			runOnlyForDeploymentPostprocessing = 0;
		};
		D85E0C0E19BA655C00311DE8 /* Resources */ = {
			isa = PBXResourcesBuildPhase;
			buildActionMask = 2147483647;
			files = (
			);
			runOnlyForDeploymentPostprocessing = 0;
		};
/* End PBXResourcesBuildPhase section */

/* Begin PBXSourcesBuildPhase section */
		D85E0BF619BA655C00311DE8 /* Sources */ = {
			isa = PBXSourcesBuildPhase;
			buildActionMask = 2147483647;
			files = (
				D85E0C0619BA655C00311DE8 /* ViewController.m in Sources */,
				D85E0C0319BA655C00311DE8 /* AppDelegate.m in Sources */,
				D85E0C0019BA655C00311DE8 /* main.m in Sources */,
			);
			runOnlyForDeploymentPostprocessing = 0;
		};
		D85E0C0C19BA655C00311DE8 /* Sources */ = {
			isa = PBXSourcesBuildPhase;
			buildActionMask = 2147483647;
			files = (
				D85E0C1719BA655C00311DE8 /* TapChanceTests.m in Sources */,
			);
			runOnlyForDeploymentPostprocessing = 0;
		};
/* End PBXSourcesBuildPhase section */

/* Begin PBXTargetDependency section */
		D85E0C1219BA655C00311DE8 /* PBXTargetDependency */ = {
			isa = PBXTargetDependency;
			target = D85E0BF919BA655C00311DE8 /* TapChance */;
			targetProxy = D85E0C1119BA655C00311DE8 /* PBXContainerItemProxy */;
		};
/* End PBXTargetDependency section */

/* Begin PBXVariantGroup section */
		D85E0C0719BA655C00311DE8 /* Main.storyboard */ = {
			isa = PBXVariantGroup;
			children = (
				D85E0C0819BA655C00311DE8 /* Base */,
			);
			name = Main.storyboard;
			sourceTree = "<group>";
		};
/* End PBXVariantGroup section */

/* Begin XCBuildConfiguration section */
		D85E0C1819BA655C00311DE8 /* Debug */ = {
			isa = XCBuildConfiguration;
			buildSettings = {
				ALWAYS_SEARCH_USER_PATHS = NO;
				CLANG_CXX_LANGUAGE_STANDARD = "gnu++0x";
				CLANG_CXX_LIBRARY = "libc++";
				CLANG_ENABLE_MODULES = YES;
				CLANG_ENABLE_OBJC_ARC = YES;
				CLANG_WARN_BOOL_CONVERSION = YES;
				CLANG_WARN_CONSTANT_CONVERSION = YES;
				CLANG_WARN_DIRECT_OBJC_ISA_USAGE = YES_ERROR;
				CLANG_WARN_EMPTY_BODY = YES;
				CLANG_WARN_ENUM_CONVERSION = YES;
				CLANG_WARN_INT_CONVERSION = YES;
				CLANG_WARN_OBJC_ROOT_CLASS = YES_ERROR;
				CLANG_WARN_UNREACHABLE_CODE = YES;
				CLANG_WARN__DUPLICATE_METHOD_MATCH = YES;
				"CODE_SIGN_IDENTITY[sdk=iphoneos*]" = "iPhone Developer";
				COPY_PHASE_STRIP = NO;
				ENABLE_STRICT_OBJC_MSGSEND = YES;
				GCC_C_LANGUAGE_STANDARD = gnu99;
				GCC_DYNAMIC_NO_PIC = NO;
				GCC_OPTIMIZATION_LEVEL = 0;
				GCC_PREPROCESSOR_DEFINITIONS = (
					"DEBUG=1",
					"$(inherited)",
				);
				GCC_SYMBOLS_PRIVATE_EXTERN = NO;
				GCC_WARN_64_TO_32_BIT_CONVERSION = YES;
				GCC_WARN_ABOUT_RETURN_TYPE = YES_ERROR;
				GCC_WARN_UNDECLARED_SELECTOR = YES;
				GCC_WARN_UNINITIALIZED_AUTOS = YES_AGGRESSIVE;
				GCC_WARN_UNUSED_FUNCTION = YES;
				GCC_WARN_UNUSED_VARIABLE = YES;
				IPHONEOS_DEPLOYMENT_TARGET = 8.0;
				MTL_ENABLE_DEBUG_INFO = YES;
				ONLY_ACTIVE_ARCH = YES;
				SDKROOT = iphoneos;
			};
			name = Debug;
		};
		D85E0C1919BA655C00311DE8 /* Release */ = {
			isa = XCBuildConfiguration;
			buildSettings = {
				ALWAYS_SEARCH_USER_PATHS = NO;
				CLANG_CXX_LANGUAGE_STANDARD = "gnu++0x";
				CLANG_CXX_LIBRARY = "libc++";
				CLANG_ENABLE_MODULES = YES;
				CLANG_ENABLE_OBJC_ARC = YES;
				CLANG_WARN_BOOL_CONVERSION = YES;
				CLANG_WARN_CONSTANT_CONVERSION = YES;
				CLANG_WARN_DIRECT_OBJC_ISA_USAGE = YES_ERROR;
				CLANG_WARN_EMPTY_BODY = YES;
				CLANG_WARN_ENUM_CONVERSION = YES;
				CLANG_WARN_INT_CONVERSION = YES;
				CLANG_WARN_OBJC_ROOT_CLASS = YES_ERROR;
				CLANG_WARN_UNREACHABLE_CODE = YES;
				CLANG_WARN__DUPLICATE_METHOD_MATCH = YES;
				"CODE_SIGN_IDENTITY[sdk=iphoneos*]" = "iPhone Developer";
				COPY_PHASE_STRIP = YES;
				ENABLE_NS_ASSERTIONS = NO;
				ENABLE_STRICT_OBJC_MSGSEND = YES;
				GCC_C_LANGUAGE_STANDARD = gnu99;
				GCC_WARN_64_TO_32_BIT_CONVERSION = YES;
				GCC_WARN_ABOUT_RETURN_TYPE = YES_ERROR;
				GCC_WARN_UNDECLARED_SELECTOR = YES;
				GCC_WARN_UNINITIALIZED_AUTOS = YES_AGGRESSIVE;
				GCC_WARN_UNUSED_FUNCTION = YES;
				GCC_WARN_UNUSED_VARIABLE = YES;
				IPHONEOS_DEPLOYMENT_TARGET = 8.0;
				MTL_ENABLE_DEBUG_INFO = NO;
				SDKROOT = iphoneos;
				VALIDATE_PRODUCT = YES;
			};
			name = Release;
		};
		D85E0C1B19BA655C00311DE8 /* Debug */ = {
			isa = XCBuildConfiguration;
			buildSettings = {
				ASSETCATALOG_COMPILER_APPICON_NAME = AppIcon;
				ASSETCATALOG_COMPILER_LAUNCHIMAGE_NAME = LaunchImage;
				INFOPLIST_FILE = ChanceTab/Info.plist;
				IPHONEOS_DEPLOYMENT_TARGET = 8.0;
				LD_RUNPATH_SEARCH_PATHS = "$(inherited) @executable_path/Frameworks";
				PRODUCT_NAME = TapChance;
			};
			name = Debug;
		};
		D85E0C1C19BA655C00311DE8 /* Release */ = {
			isa = XCBuildConfiguration;
			buildSettings = {
				ASSETCATALOG_COMPILER_APPICON_NAME = AppIcon;
				ASSETCATALOG_COMPILER_LAUNCHIMAGE_NAME = LaunchImage;
				INFOPLIST_FILE = ChanceTab/Info.plist;
				IPHONEOS_DEPLOYMENT_TARGET = 8.0;
				LD_RUNPATH_SEARCH_PATHS = "$(inherited) @executable_path/Frameworks";
				PRODUCT_NAME = TapChance;
			};
			name = Release;
		};
		D85E0C1E19BA655C00311DE8 /* Debug */ = {
			isa = XCBuildConfiguration;
			buildSettings = {
				BUNDLE_LOADER = "$(TEST_HOST)";
				FRAMEWORK_SEARCH_PATHS = (
					"$(SDKROOT)/Developer/Library/Frameworks",
					"$(inherited)",
				);
				GCC_PREPROCESSOR_DEFINITIONS = (
					"DEBUG=1",
					"$(inherited)",
				);
				INFOPLIST_FILE = ChanceTabTests/Info.plist;
				LD_RUNPATH_SEARCH_PATHS = "$(inherited) @executable_path/Frameworks @loader_path/Frameworks";
				PRODUCT_NAME = TapChanceTests;
				TEST_HOST = "$(BUILT_PRODUCTS_DIR)/ChanceTab.app/ChanceTab";
			};
			name = Debug;
		};
		D85E0C1F19BA655C00311DE8 /* Release */ = {
			isa = XCBuildConfiguration;
			buildSettings = {
				BUNDLE_LOADER = "$(TEST_HOST)";
				FRAMEWORK_SEARCH_PATHS = (
					"$(SDKROOT)/Developer/Library/Frameworks",
					"$(inherited)",
				);
				INFOPLIST_FILE = ChanceTabTests/Info.plist;
				LD_RUNPATH_SEARCH_PATHS = "$(inherited) @executable_path/Frameworks @loader_path/Frameworks";
				PRODUCT_NAME = TapChanceTests;
				TEST_HOST = "$(BUILT_PRODUCTS_DIR)/ChanceTab.app/ChanceTab";
			};
			name = Release;
		};
/* End XCBuildConfiguration section */

/* Begin XCConfigurationList section */
		D85E0BF519BA655C00311DE8 /* Build configuration list for PBXProject "TapChance" */ = {
			isa = XCConfigurationList;
			buildConfigurations = (
				D85E0C1819BA655C00311DE8 /* Debug */,
				D85E0C1919BA655C00311DE8 /* Release */,
			);
			defaultConfigurationIsVisible = 0;
			defaultConfigurationName = Release;
		};
		D85E0C1A19BA655C00311DE8 /* Build configuration list for PBXNativeTarget "TapChance" */ = {
			isa = XCConfigurationList;
			buildConfigurations = (
				D85E0C1B19BA655C00311DE8 /* Debug */,
				D85E0C1C19BA655C00311DE8 /* Release */,
			);
			defaultConfigurationIsVisible = 0;
			defaultConfigurationName = Release;
		};
		D85E0C1D19BA655C00311DE8 /* Build configuration list for PBXNativeTarget "TapChanceTests" */ = {
			isa = XCConfigurationList;
			buildConfigurations = (
				D85E0C1E19BA655C00311DE8 /* Debug */,
				D85E0C1F19BA655C00311DE8 /* Release */,
			);
			defaultConfigurationIsVisible = 0;
			defaultConfigurationName = Release;
		};
/* End XCConfigurationList section */
	};
	rootObject = D85E0BF219BA655C00311DE8 /* Project object */;
}
